
Microsoft Visual Studio Solution File, Format Version 12.00
# Visual Studio Version 17
VisualStudioVersion = 17.4.33213.308
MinimumVisualStudioVersion = 10.0.40219.1
Project("{FAE04EC0-301F-11D3-BF4B-00C04F79EFBC}") = "yoxlama3", "yoxlama3\yoxlama3.csproj", "{3DE14B9B-98A2-4428-84F7-BCE9F2365294}"
EndProject
Global
	GlobalSection(SolutionConfigurationPlatforms) = preSolution
		Debug|Any CPU = Debug|Any CPU
		Release|Any CPU = Release|Any CPU
	EndGlobalSection
	GlobalSection(ProjectConfigurationPlatforms) = postSolution
		{3DE14B9B-98A2-4428-84F7-BCE9F2365294}.Debug|Any CPU.ActiveCfg = Debug|Any CPU
		{3DE14B9B-98A2-4428-84F7-BCE9F2365294}.Debug|Any CPU.Build.0 = Debug|Any CPU
		{3DE14B9B-98A2-4428-84F7-BCE9F2365294}.Release|Any CPU.ActiveCfg = Release|Any CPU
		{3DE14B9B-98A2-4428-84F7-BCE9F2365294}.Release|Any CPU.Build.0 = Release|Any CPU
	EndGlobalSection
	GlobalSection(SolutionProperties) = preSolution
		HideSolutionNode = FALSE
	EndGlobalSection
	GlobalSection(ExtensibilityGlobals) = postSolution
		SolutionGuid = {BE18473E-1067-4FC7-8BA5-D56AC6AC4044}
	EndGlobalSection
EndGlobal
